{
    "_readme": [
        "This file locks the dependencies of your project to a known state",
        "Read more about it at https://getcomposer.org/doc/01-basic-usage.md#installing-dependencies",
        "This file is @generated automatically"
    ],
    "content-hash": "3529eb6b3cd5f5fdac8bd92cd94bbbb0",
    "packages": [
        {
            "name": "dragonmantank/cron-expression",
            "version": "dev-master",
            "source": {
                "type": "git",
                "url": "https://github.com/dragonmantank/cron-expression.git",
                "reference": "c9d0f452bcc19c3f788132f14de2920b958b00f1"
            },
            "dist": {
                "type": "zip",
                "url": "https://api.github.com/repos/dragonmantank/cron-expression/zipball/c9d0f452bcc19c3f788132f14de2920b958b00f1",
                "reference": "c9d0f452bcc19c3f788132f14de2920b958b00f1",
                "shasum": "",
                "mirrors": [
                    {
                        "url": "https://mirrors.aliyun.com/composer/dists/%package%/%reference%.%type%",
                        "preferred": true
                    }
                ]
            },
            "require": {
                "php": "^7.1"
            },
            "require-dev": {
                "phpstan/phpstan": "^0.11",
                "phpunit/phpunit": "^6.4|^7.0"
            },
            "type": "library",
            "extra": {
                "branch-alias": {
                    "dev-master": "2.3-dev"
                }
            },
            "autoload": {
                "psr-4": {
                    "Cron\\": "src/Cron/"
                }
            },
            "notification-url": "https://packagist.org/downloads/",
            "license": [
                "MIT"
            ],
            "authors": [
                {
                    "name": "Chris Tankersley",
                    "email": "chris@ctankersley.com",
                    "homepage": "https://github.com/dragonmantank"
                }
            ],
            "description": "CRON for PHP: Calculate the next or previous run date and determine if a CRON expression is due",
            "keywords": [
                "cron",
                "schedule"
            ],
            "time": "2019-07-30T03:46:44+00:00"
        },
        {
            "name": "easyswoole/component",
            "version": "1.8.5",
            "source": {
                "type": "git",
                "url": "https://github.com/easy-swoole/component.git",
                "reference": "118fddac382bd3d7b9877da2858ce579b943a8d7"
            },
            "dist": {
                "type": "zip",
                "url": "https://api.github.com/repos/easy-swoole/component/zipball/118fddac382bd3d7b9877da2858ce579b943a8d7",
                "reference": "118fddac382bd3d7b9877da2858ce579b943a8d7",
                "shasum": "",
                "mirrors": [
                    {
                        "url": "https://mirrors.aliyun.com/composer/dists/%package%/%reference%.%type%",
                        "preferred": true
                    }
                ]
            },
            "require": {
                "easyswoole/spl": "^1.1",
                "easyswoole/utility": "^1.0",
                "ext-swoole": "^4.4.0",
                "jeremeamia/superclosure": "^2.4",
                "php": ">=7.1.0"
            },
            "require-dev": {
                "easyswoole/phpunit": "^1.0",
                "easyswoole/swoole-ide-helper": "^1.2"
            },
            "type": "library",
            "autoload": {
                "psr-4": {
                    "EasySwoole\\Component\\": "src/",
                    "EasySwoole\\Component\\Tests\\": "Tests/"
                }
            },
            "notification-url": "https://packagist.org/downloads/",
            "license": [
                "Apache-2.0"
            ],
            "authors": [
                {
                    "name": "YF",
                    "email": "291323003@qq.com"
                }
            ],
            "description": "easyswoole component",
            "homepage": "https://www.easyswoole.com/",
            "keywords": [
                "async",
                "easyswoole",
                "framework",
                "swoole"
            ],
            "time": "2019-07-12T15:49:17+00:00"
        },
        {
            "name": "easyswoole/config",
            "version": "1.0.3",
            "source": {
                "type": "git",
                "url": "https://github.com/easy-swoole/config.git",
                "reference": "7d2754ed63c961d53ed33a69fb92de26e4914e26"
            },
            "dist": {
                "type": "zip",
                "url": "https://api.github.com/repos/easy-swoole/config/zipball/7d2754ed63c961d53ed33a69fb92de26e4914e26",
                "reference": "7d2754ed63c961d53ed33a69fb92de26e4914e26",
                "shasum": "",
                "mirrors": [
                    {
                        "url": "https://mirrors.aliyun.com/composer/dists/%package%/%reference%.%type%",
                        "preferred": true
                    }
                ]
            },
            "require": {
                "easyswoole/spl": "^1.1",
                "php": ">=7.1.0"
            },
            "require-dev": {
                "easyswoole/phpunit": "^1.0",
                "easyswoole/swoole-ide-helper": "^1.2"
            },
            "type": "library",
            "autoload": {
                "psr-4": {
                    "EasySwoole\\Config\\": "src/",
                    "EasySwoole\\Config\\Test\\": "tests/"
                }
            },
            "notification-url": "https://packagist.org/downloads/",
            "license": [
                "Apache-2.0"
            ],
            "authors": [
                {
                    "name": "YF",
                    "email": "291323003@qq.com"
                }
            ],
            "description": "easyswoole component",
            "homepage": "https://www.easyswoole.com/",
            "keywords": [
                "async",
                "easyswoole",
                "framework",
                "swoole"
            ],
            "time": "2019-07-30T03:08:09+00:00"
        },
        {
            "name": "easyswoole/easyswoole",
            "version": "3.x-dev",
            "source": {
                "type": "git",
                "url": "https://github.com/easy-swoole/easyswoole.git",
                "reference": "9ea84fa440067ee2ebc38db205d920a0ea3e1f59"
            },
            "dist": {
                "type": "zip",
                "url": "https://api.github.com/repos/easy-swoole/easyswoole/zipball/9ea84fa440067ee2ebc38db205d920a0ea3e1f59",
                "reference": "9ea84fa440067ee2ebc38db205d920a0ea3e1f59",
                "shasum": "",
                "mirrors": [
                    {
                        "url": "https://mirrors.aliyun.com/composer/dists/%package%/%reference%.%type%",
                        "preferred": true
                    }
                ]
            },
            "require": {
                "dragonmantank/cron-expression": "^2.2",
                "easyswoole/component": "^1.0",
                "easyswoole/config": "^1.0",
                "easyswoole/http": "^1.0",
                "easyswoole/spl": "^1.0",
                "easyswoole/swoole-ide-helper": "^1.2",
                "easyswoole/trigger": "^1.0",
                "easyswoole/utility": "^1.0",
                "ext-swoole": ">=4.4.0",
                "jeremeamia/superclosure": "^2.4",
                "php": ">=7.1.0"
            },
            "require-dev": {
                "easyswoole/phpunit": "^1.0"
            },
            "bin": [
                "bin/easyswoole"
            ],
            "type": "library",
            "autoload": {
                "psr-4": {
                    "EasySwoole\\EasySwoole\\": "src/"
                }
            },
            "notification-url": "https://packagist.org/downloads/",
            "license": [
                "Apache-2.0"
            ],
            "authors": [
                {
                    "name": "YF",
                    "email": "291323003@qq.com"
                }
            ],
            "description": "An efficient swoole framework",
            "homepage": "https://www.easyswoole.com/",
            "keywords": [
                "async",
                "easyswoole",
                "framework",
                "swoole"
            ],
            "time": "2019-07-30T03:25:32+00:00"
        },
        {
            "name": "easyswoole/http",
            "version": "1.3.3",
            "source": {
                "type": "git",
                "url": "https://github.com/easy-swoole/http.git",
                "reference": "b641fa656a67020cc13f0bc96f0a79b48b4b6d1f"
            },
            "dist": {
                "type": "zip",
                "url": "https://api.github.com/repos/easy-swoole/http/zipball/b641fa656a67020cc13f0bc96f0a79b48b4b6d1f",
                "reference": "b641fa656a67020cc13f0bc96f0a79b48b4b6d1f",
                "shasum": "",
                "mirrors": [
                    {
                        "url": "https://mirrors.aliyun.com/composer/dists/%package%/%reference%.%type%",
                        "preferred": true
                    }
                ]
            },
            "require": {
                "easyswoole/component": "^1.0",
                "easyswoole/spl": "^1.0",
                "easyswoole/validate": "^1.1",
                "ext-swoole": "^4.0",
                "nikic/fast-route": "^1.3",
                "php": ">=7.1.0",
                "psr/http-message": "*"
            },
            "require-dev": {
                "easyswoole/swoole-ide-helper": "^1.0"
            },
            "type": "library",
            "autoload": {
                "psr-4": {
                    "EasySwoole\\Http\\": "src/"
                }
            },
            "notification-url": "https://packagist.org/downloads/",
            "license": [
                "Apache-2.0"
            ],
            "authors": [
                {
                    "name": "YF",
                    "email": "291323003@qq.com"
                }
            ],
            "description": "An efficient swoole framework",
            "homepage": "https://www.easyswoole.com/",
            "keywords": [
                "async",
                "easyswoole",
                "framework",
                "swoole"
            ],
            "time": "2019-07-14T14:38:54+00:00"
        },
        {
            "name": "easyswoole/log",
            "version": "1.0.3",
            "source": {
                "type": "git",
                "url": "https://github.com/easy-swoole/log.git",
                "reference": "a9f7a8c139523db90992f89a91f2714413f6d637"
            },
            "dist": {
                "type": "zip",
                "url": "https://api.github.com/repos/easy-swoole/log/zipball/a9f7a8c139523db90992f89a91f2714413f6d637",
                "reference": "a9f7a8c139523db90992f89a91f2714413f6d637",
                "shasum": "",
                "mirrors": [
                    {
                        "url": "https://mirrors.aliyun.com/composer/dists/%package%/%reference%.%type%",
                        "preferred": true
                    }
                ]
            },
            "type": "library",
            "autoload": {
                "psr-4": {
                    "EasySwoole\\Log\\": "src/"
                }
            },
            "notification-url": "https://packagist.org/downloads/",
            "license": [
                "Apache-2.0"
            ],
            "authors": [
                {
                    "name": "YF",
                    "email": "291323003@qq.com"
                }
            ],
            "description": "An efficient swoole framework",
            "homepage": "https://www.easyswoole.com/",
            "keywords": [
                "async",
                "easyswoole",
                "framework",
                "swoole"
            ],
            "time": "2019-05-30T05:30:17+00:00"
        },
        {
            "name": "easyswoole/spl",
            "version": "1.2.4",
            "source": {
                "type": "git",
                "url": "https://github.com/easy-swoole/spl.git",
                "reference": "efe594325b85634bcab259c2f97122be56c79f17"
            },
            "dist": {
                "type": "zip",
                "url": "https://api.github.com/repos/easy-swoole/spl/zipball/efe594325b85634bcab259c2f97122be56c79f17",
                "reference": "efe594325b85634bcab259c2f97122be56c79f17",
                "shasum": "",
                "mirrors": [
                    {
                        "url": "https://mirrors.aliyun.com/composer/dists/%package%/%reference%.%type%",
                        "preferred": true
                    }
                ]
            },
            "require": {
                "php": ">=7.1.0"
            },
            "require-dev": {
                "easyswoole/phpunit": "^1.0"
            },
            "type": "library",
            "autoload": {
                "psr-4": {
                    "EasySwoole\\Spl\\": "src/",
                    "EasySwoole\\Spl\\Test\\": "test/"
                }
            },
            "notification-url": "https://packagist.org/downloads/",
            "license": [
                "Apache-2.0"
            ],
            "authors": [
                {
                    "name": "YF",
                    "email": "291323003@qq.com"
                }
            ],
            "description": "php stander lib",
            "homepage": "https://www.easyswoole.com/",
            "keywords": [
                "async",
                "easyswoole",
                "framework",
                "swoole"
            ],
            "time": "2019-07-29T04:00:26+00:00"
        },
        {
            "name": "easyswoole/swoole-ide-helper",
            "version": "1.3.1",
            "source": {
                "type": "git",
                "url": "https://github.com/easy-swoole/ide-helper.git",
                "reference": "7793f18b1aec2887b8c43cd90d9007bb6e839510"
            },
            "dist": {
                "type": "zip",
                "url": "https://api.github.com/repos/easy-swoole/ide-helper/zipball/7793f18b1aec2887b8c43cd90d9007bb6e839510",
                "reference": "7793f18b1aec2887b8c43cd90d9007bb6e839510",
                "shasum": "",
                "mirrors": [
                    {
                        "url": "https://mirrors.aliyun.com/composer/dists/%package%/%reference%.%type%",
                        "preferred": true
                    }
                ]
            },
            "type": "library",
            "notification-url": "https://packagist.org/downloads/",
            "license": [
                "Apache-2.0"
            ],
            "authors": [
                {
                    "name": "Team Swoole",
                    "email": "team@swoole.com"
                }
            ],
            "description": "swoole-ide-helper",
            "time": "2019-07-02T03:19:42+00:00"
        },
        {
            "name": "easyswoole/trigger",
            "version": "1.0.0",
            "source": {
                "type": "git",
                "url": "https://github.com/easy-swoole/trigger.git",
                "reference": "f449f974d6645342134f455ce4a6885c8ad3a92e"
            },
            "dist": {
                "type": "zip",
                "url": "https://api.github.com/repos/easy-swoole/trigger/zipball/f449f974d6645342134f455ce4a6885c8ad3a92e",
                "reference": "f449f974d6645342134f455ce4a6885c8ad3a92e",
                "shasum": "",
                "mirrors": [
                    {
                        "url": "https://mirrors.aliyun.com/composer/dists/%package%/%reference%.%type%",
                        "preferred": true
                    }
                ]
            },
            "require": {
                "easyswoole/log": "^1.0"
            },
            "type": "library",
            "autoload": {
                "psr-4": {
                    "EasySwoole\\Trigger\\": "src/"
                }
            },
            "notification-url": "https://packagist.org/downloads/",
            "license": [
                "Apache-2.0"
            ],
            "authors": [
                {
                    "name": "YF",
                    "email": "291323003@qq.com"
                }
            ],
            "description": "An efficient swoole framework",
            "homepage": "https://www.easyswoole.com/",
            "keywords": [
                "async",
                "easyswoole",
                "framework",
                "swoole"
            ],
            "time": "2019-05-29T15:33:12+00:00"
        },
        {
            "name": "easyswoole/utility",
            "version": "1.1.1",
            "source": {
                "type": "git",
                "url": "https://github.com/easy-swoole/utility.git",
                "reference": "1ea6e097536a3dc89fde79f27aacc1f713d63244"
            },
            "dist": {
                "type": "zip",
                "url": "https://api.github.com/repos/easy-swoole/utility/zipball/1ea6e097536a3dc89fde79f27aacc1f713d63244",
                "reference": "1ea6e097536a3dc89fde79f27aacc1f713d63244",
                "shasum": "",
                "mirrors": [
                    {
                        "url": "https://mirrors.aliyun.com/composer/dists/%package%/%reference%.%type%",
                        "preferred": true
                    }
                ]
            },
            "require": {
                "php": ">=7.1.0"
            },
            "type": "library",
            "autoload": {
                "psr-4": {
                    "EasySwoole\\Utility\\": "src/"
                }
            },
            "notification-url": "https://packagist.org/downloads/",
            "license": [
                "Apache-2.0"
            ],
            "authors": [
                {
                    "name": "evalor",
                    "email": "mipone@foxmail.com"
                }
            ],
            "description": "easyswoole extension tool library",
            "time": "2019-07-15T07:52:11+00:00"
        },
        {
            "name": "easyswoole/validate",
            "version": "1.2.0",
            "source": {
                "type": "git",
                "url": "https://github.com/easy-swoole/validate.git",
                "reference": "732e930597d6a1945e531b5066cac7ecaef16e15"
            },
            "dist": {
                "type": "zip",
                "url": "https://api.github.com/repos/easy-swoole/validate/zipball/732e930597d6a1945e531b5066cac7ecaef16e15",
                "reference": "732e930597d6a1945e531b5066cac7ecaef16e15",
                "shasum": "",
                "mirrors": [
                    {
                        "url": "https://mirrors.aliyun.com/composer/dists/%package%/%reference%.%type%",
                        "preferred": true
                    }
                ]
            },
            "require": {
                "easyswoole/spl": "^1.0",
                "php": ">=7.1.0"
            },
            "require-dev": {
                "phpunit/phpunit": "^7.4"
            },
            "type": "library",
            "autoload": {
                "psr-4": {
                    "EasySwoole\\Validate\\": "src/"
                }
            },
            "notification-url": "https://packagist.org/downloads/",
            "license": [
                "Apache-2.0"
            ],
            "authors": [
                {
                    "name": "YF",
                    "email": "291323003@qq.com"
                }
            ],
            "description": "An efficient swoole framework",
            "homepage": "https://www.easyswoole.com/",
            "keywords": [
                "async",
                "easyswoole",
                "framework",
                "swoole"
            ],
            "time": "2019-07-20T15:39:34+00:00"
        },
        {
            "name": "jeremeamia/superclosure",
            "version": "dev-master",
            "source": {
                "type": "git",
                "url": "https://github.com/jeremeamia/super_closure.git",
                "reference": "5707d5821b30b9a07acfb4d76949784aaa0e9ce9"
            },
            "dist": {
                "type": "zip",
                "url": "https://api.github.com/repos/jeremeamia/super_closure/zipball/5707d5821b30b9a07acfb4d76949784aaa0e9ce9",
                "reference": "5707d5821b30b9a07acfb4d76949784aaa0e9ce9",
                "shasum": "",
                "mirrors": [
                    {
                        "url": "https://mirrors.aliyun.com/composer/dists/%package%/%reference%.%type%",
                        "preferred": true
                    }
                ]
            },
            "require": {
                "nikic/php-parser": "^1.2|^2.0|^3.0|^4.0",
                "php": ">=5.4",
                "symfony/polyfill-php56": "^1.0"
            },
            "require-dev": {
                "phpunit/phpunit": "^4.0|^5.0"
            },
            "type": "library",
            "extra": {
                "branch-alias": {
                    "dev-master": "2.4-dev"
                }
            },
            "autoload": {
                "psr-4": {
                    "SuperClosure\\": "src/"
                }
            },
            "notification-url": "https://packagist.org/downloads/",
            "license": [
                "MIT"
            ],
            "authors": [
                {
                    "name": "Jeremy Lindblom",
                    "role": "Developer",
                    "email": "jeremeamia@gmail.com",
                    "homepage": "https://github.com/jeremeamia"
                }
            ],
            "description": "Serialize Closure objects, including their context and binding",
            "homepage": "https://github.com/jeremeamia/super_closure",
            "keywords": [
                "closure",
                "function",
                "lambda",
                "parser",
                "serializable",
                "serialize",
                "tokenizer"
            ],
            "time": "2018-03-21T22:21:57+00:00"
        },
        {
            "name": "nikic/fast-route",
            "version": "v1.x-dev",
            "source": {
                "type": "git",
                "url": "https://github.com/nikic/FastRoute.git",
                "reference": "dd929b38a127ca763f9dc4896320ebeb0c1fdc08"
            },
            "dist": {
                "type": "zip",
                "url": "https://api.github.com/repos/nikic/FastRoute/zipball/dd929b38a127ca763f9dc4896320ebeb0c1fdc08",
                "reference": "dd929b38a127ca763f9dc4896320ebeb0c1fdc08",
                "shasum": "",
                "mirrors": [
                    {
                        "url": "https://mirrors.aliyun.com/composer/dists/%package%/%reference%.%type%",
                        "preferred": true
                    }
                ]
            },
            "require": {
                "php": ">=5.4.0"
            },
            "require-dev": {
                "phpunit/phpunit": "^4.8.35|~5.7"
            },
            "type": "library",
            "autoload": {
                "psr-4": {
                    "FastRoute\\": "src/"
                },
                "files": [
                    "src/functions.php"
                ]
            },
            "notification-url": "https://packagist.org/downloads/",
            "license": [
                "BSD-3-Clause"
            ],
            "authors": [
                {
                    "name": "Nikita Popov",
                    "email": "nikic@php.net"
                }
            ],
            "description": "Fast request router for PHP",
            "keywords": [
                "router",
                "routing"
            ],
            "time": "2018-08-19T11:46:04+00:00"
        },
        {
            "name": "nikic/php-parser",
            "version": "dev-master",
            "source": {
                "type": "git",
                "url": "https://github.com/nikic/PHP-Parser.git",
                "reference": "a1f72690ef18a21b168f19e45bd921aa7c394007"
            },
            "dist": {
                "type": "zip",
                "url": "https://api.github.com/repos/nikic/PHP-Parser/zipball/a1f72690ef18a21b168f19e45bd921aa7c394007",
                "reference": "a1f72690ef18a21b168f19e45bd921aa7c394007",
                "shasum": "",
                "mirrors": [
                    {
                        "url": "https://mirrors.aliyun.com/composer/dists/%package%/%reference%.%type%",
                        "preferred": true
                    }
                ]
            },
            "require": {
                "ext-tokenizer": "*",
                "php": ">=7.0"
            },
            "require-dev": {
                "phpunit/phpunit": "^6.5 || ^7.0 || ^8.0"
            },
            "bin": [
                "bin/php-parse"
            ],
            "type": "library",
            "extra": {
                "branch-alias": {
                    "dev-master": "4.2-dev"
                }
            },
            "autoload": {
                "psr-4": {
                    "PhpParser\\": "lib/PhpParser"
                }
            },
            "notification-url": "https://packagist.org/downloads/",
            "license": [
                "BSD-3-Clause"
            ],
            "authors": [
                {
                    "name": "Nikita Popov"
                }
            ],
            "description": "A PHP parser written in PHP",
            "keywords": [
                "parser",
                "php"
            ],
            "time": "2019-07-23T10:32:37+00:00"
        },
        {
            "name": "psr/http-message",
            "version": "dev-master",
            "source": {
                "type": "git",
                "url": "https://github.com/php-fig/http-message.git",
                "reference": "f6561bf28d520154e4b0ec72be95418abe6d9363"
            },
            "dist": {
                "type": "zip",
                "url": "https://api.github.com/repos/php-fig/http-message/zipball/f6561bf28d520154e4b0ec72be95418abe6d9363",
                "reference": "f6561bf28d520154e4b0ec72be95418abe6d9363",
                "shasum": "",
                "mirrors": [
                    {
                        "url": "https://mirrors.aliyun.com/composer/dists/%package%/%reference%.%type%",
                        "preferred": true
                    }
                ]
            },
            "require": {
                "php": ">=5.3.0"
            },
            "type": "library",
            "extra": {
                "branch-alias": {
                    "dev-master": "1.0.x-dev"
                }
            },
            "autoload": {
                "psr-4": {
                    "Psr\\Http\\Message\\": "src/"
                }
            },
            "notification-url": "https://packagist.org/downloads/",
            "license": [
                "MIT"
            ],
            "authors": [
                {
                    "name": "PHP-FIG",
                    "homepage": "http://www.php-fig.org/"
                }
            ],
            "description": "Common interface for HTTP messages",
            "homepage": "https://github.com/php-fig/http-message",
            "keywords": [
                "http",
                "http-message",
                "psr",
                "psr-7",
                "request",
                "response"
            ],
            "time": "2016-08-06T14:39:51+00:00"
        },
        {
            "name": "symfony/polyfill-php56",
            "version": "dev-master",
            "source": {
                "type": "git",
                "url": "https://github.com/symfony/polyfill-php56.git",
                "reference": "f4dddbc5c3471e1b700a147a20ae17cdb72dbe42"
            },
            "dist": {
                "type": "zip",
                "url": "https://api.github.com/repos/symfony/polyfill-php56/zipball/f4dddbc5c3471e1b700a147a20ae17cdb72dbe42",
                "reference": "f4dddbc5c3471e1b700a147a20ae17cdb72dbe42",
                "shasum": "",
                "mirrors": [
                    {
                        "url": "https://mirrors.aliyun.com/composer/dists/%package%/%reference%.%type%",
                        "preferred": true
                    }
                ]
            },
            "require": {
                "php": ">=5.3.3",
                "symfony/polyfill-util": "~1.0"
            },
            "type": "library",
            "extra": {
                "branch-alias": {
                    "dev-master": "1.11-dev"
                }
            },
            "autoload": {
                "psr-4": {
                    "Symfony\\Polyfill\\Php56\\": ""
                },
                "files": [
                    "bootstrap.php"
                ]
            },
            "notification-url": "https://packagist.org/downloads/",
            "license": [
                "MIT"
            ],
            "authors": [
                {
                    "name": "Nicolas Grekas",
                    "email": "p@tchwork.com"
                },
                {
                    "name": "Symfony Community",
                    "homepage": "https://symfony.com/contributors"
                }
            ],
            "description": "Symfony polyfill backporting some PHP 5.6+ features to lower PHP versions",
            "homepage": "https://symfony.com",
            "keywords": [
                "compatibility",
                "polyfill",
                "portable",
                "shim"
            ],
            "time": "2019-02-06T07:57:58+00:00"
        },
        {
            "name": "symfony/polyfill-util",
            "version": "dev-master",
            "source": {
                "type": "git",
                "url": "https://github.com/symfony/polyfill-util.git",
                "reference": "b46c6cae28a3106735323f00a0c38eccf2328897"
            },
            "dist": {
                "type": "zip",
                "url": "https://api.github.com/repos/symfony/polyfill-util/zipball/b46c6cae28a3106735323f00a0c38eccf2328897",
                "reference": "b46c6cae28a3106735323f00a0c38eccf2328897",
                "shasum": "",
                "mirrors": [
                    {
                        "url": "https://mirrors.aliyun.com/composer/dists/%package%/%reference%.%type%",
                        "preferred": true
                    }
                ]
            },
            "require": {
                "php": ">=5.3.3"
            },
            "type": "library",
            "extra": {
                "branch-alias": {
                    "dev-master": "1.11-dev"
                }
            },
            "autoload": {
                "psr-4": {
                    "Symfony\\Polyfill\\Util\\": ""
                }
            },
            "notification-url": "https://packagist.org/downloads/",
            "license": [
                "MIT"
            ],
            "authors": [
                {
                    "name": "Nicolas Grekas",
                    "email": "p@tchwork.com"
                },
                {
                    "name": "Symfony Community",
                    "homepage": "https://symfony.com/contributors"
                }
            ],
            "description": "Symfony utilities for portability of PHP codes",
            "homepage": "https://symfony.com",
            "keywords": [
                "compat",
                "compatibility",
                "polyfill",
                "shim"
            ],
            "time": "2019-02-08T14:16:39+00:00"
        }
    ],
    "packages-dev": [],
    "aliases": [],
    "minimum-stability": "dev",
    "stability-flags": [],
    "prefer-stable": false,
    "prefer-lowest": false,
    "platform": [],
    "platform-dev": []
}
